version = 1
revision = 3
requires-python = ">=3.10, <3.13"

[[package]]
name = "colorama"
version = "0.4.6"
source = { registry = "https://pypi.org/simple" }
sdist = { url = "https://files.pythonhosted.org/packages/d8/53/6f443c9a4a8358a93a6792e2acffb9d9d5cb0a5cfd8802644b7b1c9a02e4/colorama-0.4.6.tar.gz", hash = "sha256:08695f5cb7ed6e0531a20572697297273c47b8cae5a63ffc6d6ed5c201be6e44", size = 27697, upload-time = "2022-10-25T02:36:22.414Z" }
wheels = [
    { url = "https://files.pythonhosted.org/packages/d1/d6/3965ed04c63042e047cb6a3e6ed1a63a35087b6a609aa3a15ed8ac56c221/colorama-0.4.6-py2.py3-none-any.whl", hash = "sha256:4f1d9991f5acc0ca119f9d443620b77f9d6b33703e51011c16baf57afb285fc6", size = 25335, upload-time = "2022-10-25T02:36:20.889Z" },
]

[[package]]
name = "exceptiongroup"
version = "1.2.2"
source = { registry = "https://pypi.org/simple" }
sdist = { url = "https://files.pythonhosted.org/packages/09/35/2495c4ac46b980e4ca1f6ad6db102322ef3ad2410b79fdde159a4b0f3b92/exceptiongroup-1.2.2.tar.gz", hash = "sha256:47c2edf7c6738fafb49fd34290706d1a1a2f4d1c6df275526b62cbb4aa5393cc", size = 28883, upload-time = "2024-07-12T22:26:00.161Z" }
wheels = [
    { url = "https://files.pythonhosted.org/packages/02/cc/b7e31358aac6ed1ef2bb790a9746ac2c69bcb3c8588b41616914eb106eaf/exceptiongroup-1.2.2-py3-none-any.whl", hash = "sha256:3111b9d131c238bec2f8f516e123e14ba243563fb135d3fe885990585aa7795b", size = 16453, upload-time = "2024-07-12T22:25:58.476Z" },
]

[[package]]
name = "iniconfig"
version = "2.0.0"
source = { registry = "https://pypi.org/simple" }
sdist = { url = "https://files.pythonhosted.org/packages/d7/4b/cbd8e699e64a6f16ca3a8220661b5f83792b3017d0f79807cb8708d33913/iniconfig-2.0.0.tar.gz", hash = "sha256:2d91e135bf72d31a410b17c16da610a82cb55f6b0477d1a902134b24a455b8b3", size = 4646, upload-time = "2023-01-07T11:08:11.254Z" }
wheels = [
    { url = "https://files.pythonhosted.org/packages/ef/a6/62565a6e1cf69e10f5727360368e451d4b7f58beeac6173dc9db836a5b46/iniconfig-2.0.0-py3-none-any.whl", hash = "sha256:b6a85871a79d2e3b22d2d1b94ac2824226a63c6b741c88f7ae975f18b6778374", size = 5892, upload-time = "2023-01-07T11:08:09.864Z" },
]

[[package]]
name = "json-to-many"
version = "0.1.0"
source = { editable = "." }
dependencies = [
    { name = "xmltodict" },
]

[package.dev-dependencies]
dev = [
    { name = "pytest" },
    { name = "ruff" },
]

[package.metadata]
requires-dist = [{ name = "xmltodict", specifier = ">=0.13.0,<0.14" }]

[package.metadata.requires-dev]
dev = [
    { name = "pytest", specifier = ">=8.3.3,<9" },
    { name = "ruff", specifier = ">=0.4.9,<0.5" },
]

[[package]]
name = "packaging"
version = "24.1"
source = { registry = "https://pypi.org/simple" }
sdist = { url = "https://files.pythonhosted.org/packages/51/65/50db4dda066951078f0a96cf12f4b9ada6e4b811516bf0262c0f4f7064d4/packaging-24.1.tar.gz", hash = "sha256:026ed72c8ed3fcce5bf8950572258698927fd1dbda10a5e981cdf0ac37f4f002", size = 148788, upload-time = "2024-06-09T23:19:24.956Z" }
wheels = [
    { url = "https://files.pythonhosted.org/packages/08/aa/cc0199a5f0ad350994d660967a8efb233fe0416e4639146c089643407ce6/packaging-24.1-py3-none-any.whl", hash = "sha256:5b8f2217dbdbd2f7f384c41c628544e6d52f2d0f53c6d0c3ea61aa5d1d7ff124", size = 53985, upload-time = "2024-06-09T23:19:21.909Z" },
]

[[package]]
name = "pluggy"
version = "1.5.0"
source = { registry = "https://pypi.org/simple" }
sdist = { url = "https://files.pythonhosted.org/packages/96/2d/02d4312c973c6050a18b314a5ad0b3210edb65a906f868e31c111dede4a6/pluggy-1.5.0.tar.gz", hash = "sha256:2cffa88e94fdc978c4c574f15f9e59b7f4201d439195c3715ca9e2486f1d0cf1", size = 67955, upload-time = "2024-04-20T21:34:42.531Z" }
wheels = [
    { url = "https://files.pythonhosted.org/packages/88/5f/e351af9a41f866ac3f1fac4ca0613908d9a41741cfcf2228f4ad853b697d/pluggy-1.5.0-py3-none-any.whl", hash = "sha256:44e1ad92c8ca002de6377e165f3e0f1be63266ab4d554740532335b9d75ea669", size = 20556, upload-time = "2024-04-20T21:34:40.434Z" },
]

[[package]]
name = "pytest"
version = "8.3.3"
source = { registry = "https://pypi.org/simple" }
dependencies = [
    { name = "colorama", marker = "sys_platform == 'win32'" },
    { name = "exceptiongroup", marker = "python_full_version < '3.11'" },
    { name = "iniconfig" },
    { name = "packaging" },
    { name = "pluggy" },
    { name = "tomli", marker = "python_full_version < '3.11'" },
]
sdist = { url = "https://files.pythonhosted.org/packages/8b/6c/62bbd536103af674e227c41a8f3dcd022d591f6eed5facb5a0f31ee33bbc/pytest-8.3.3.tar.gz", hash = "sha256:70b98107bd648308a7952b06e6ca9a50bc660be218d53c257cc1fc94fda10181", size = 1442487, upload-time = "2024-09-10T10:52:15.003Z" }
wheels = [
    { url = "https://files.pythonhosted.org/packages/6b/77/7440a06a8ead44c7757a64362dd22df5760f9b12dc5f11b6188cd2fc27a0/pytest-8.3.3-py3-none-any.whl", hash = "sha256:a6853c7375b2663155079443d2e45de913a911a11d669df02a50814944db57b2", size = 342341, upload-time = "2024-09-10T10:52:12.54Z" },
]

[[package]]
name = "ruff"
version = "0.4.10"
source = { registry = "https://pypi.org/simple" }
sdist = { url = "https://files.pythonhosted.org/packages/ea/04/b660bc832ebfa40e1788edf6934388340751cbc6f733d1f807edca9d96e6/ruff-0.4.10.tar.gz", hash = "sha256:3aa4f2bc388a30d346c56524f7cacca85945ba124945fe489952aadb6b5cd804", size = 2577674, upload-time = "2024-06-20T17:42:56.184Z" }
wheels = [
    { url = "https://files.pythonhosted.org/packages/53/0d/134fdd72f566d37b0c59b6e55f60993c705f93a0fe3c1faa6f8a269057c7/ruff-0.4.10-py3-none-macosx_10_12_x86_64.whl", hash = "sha256:5c2c4d0859305ac5a16310eec40e4e9a9dec5dcdfbe92697acd99624e8638dac", size = 8510271, upload-time = "2024-06-20T17:41:49.591Z" },
    { url = "https://files.pythonhosted.org/packages/46/5e/4ac799ffec39ef5012052c1f144a0f7a63a0322ebd328b802d64beb3d091/ruff-0.4.10-py3-none-macosx_11_0_arm64.whl", hash = "sha256:a79489607d1495685cdd911a323a35871abfb7a95d4f98fc6f85e799227ac46e", size = 8107776, upload-time = "2024-06-20T17:41:55.14Z" },
    { url = "https://files.pythonhosted.org/packages/78/6f/37af054d3ced5a6196201f6c248eeaec6b3b844136cf3da510d591dbfd89/ruff-0.4.10-py3-none-manylinux_2_17_aarch64.manylinux2014_aarch64.whl", hash = "sha256:b1dd1681dfa90a41b8376a61af05cc4dc5ff32c8f14f5fe20dba9ff5deb80cd6", size = 9868358, upload-time = "2024-06-20T17:41:58.162Z" },
    { url = "https://files.pythonhosted.org/packages/c7/38/070baf0393ba0da9d85409bdd63874776926acfc372e8e9f0ed21957aeee/ruff-0.4.10-py3-none-manylinux_2_17_armv7l.manylinux2014_armv7l.whl", hash = "sha256:c75c53bb79d71310dc79fb69eb4902fba804a81f374bc86a9b117a8d077a1784", size = 9172824, upload-time = "2024-06-20T17:42:02.386Z" },
    { url = "https://files.pythonhosted.org/packages/e7/9d/bad51d81c918e1ce1648b24480a63f5605662efe69b55fad05825b5711ff/ruff-0.4.10-py3-none-manylinux_2_17_i686.manylinux2014_i686.whl", hash = "sha256:18238c80ee3d9100d3535d8eb15a59c4a0753b45cc55f8bf38f38d6a597b9739", size = 9997887, upload-time = "2024-06-20T17:42:06.309Z" },
    { url = "https://files.pythonhosted.org/packages/ec/a4/1310b3d003cb67f3c86cb8cc5c5e475dab152b1eef88558abd11e55daaad/ruff-0.4.10-py3-none-manylinux_2_17_ppc64.manylinux2014_ppc64.whl", hash = "sha256:d8f71885bce242da344989cae08e263de29752f094233f932d4f5cfb4ef36a81", size = 10743762, upload-time = "2024-06-20T17:42:11.13Z" },
    { url = "https://files.pythonhosted.org/packages/b8/c1/5373bc5a4c3782c0a368ce5ca4ec3a689574daf71f68f55720a6a64321d4/ruff-0.4.10-py3-none-manylinux_2_17_ppc64le.manylinux2014_ppc64le.whl", hash = "sha256:330421543bd3222cdfec481e8ff3460e8702ed1e58b494cf9d9e4bf90db52b9d", size = 10329524, upload-time = "2024-06-20T17:42:15.294Z" },
    { url = "https://files.pythonhosted.org/packages/48/dc/2c057e7717a3eaaa89ea848a26ef085930a2509f9b66ceae55319668c03d/ruff-0.4.10-py3-none-manylinux_2_17_s390x.manylinux2014_s390x.whl", hash = "sha256:9e9b6fb3a37b772628415b00c4fc892f97954275394ed611056a4b8a2631365e", size = 11208593, upload-time = "2024-06-20T17:42:20.077Z" },
    { url = "https://files.pythonhosted.org/packages/11/c3/3f89b1e967a869642bd9198f27e2b89b8300862555d3e1e39b4ccaf92e8b/ruff-0.4.10-py3-none-manylinux_2_17_x86_64.manylinux2014_x86_64.whl", hash = "sha256:0f54c481b39a762d48f64d97351048e842861c6662d63ec599f67d515cb417f6", size = 10041835, upload-time = "2024-06-20T17:42:24.487Z" },
    { url = "https://files.pythonhosted.org/packages/d0/e6/734aed23112de8df5a2f3bc02e9e45cd3910fe83b0d2bb2456e200c52d98/ruff-0.4.10-py3-none-musllinux_1_2_aarch64.whl", hash = "sha256:67fe086b433b965c22de0b4259ddfe6fa541c95bf418499bedb9ad5fb8d1c631", size = 9842683, upload-time = "2024-06-20T17:42:28.324Z" },
    { url = "https://files.pythonhosted.org/packages/cf/13/bc788b2e21d3e4db74d1375da22f50f944bc1fef064c4749f307b0c8794f/ruff-0.4.10-py3-none-musllinux_1_2_armv7l.whl", hash = "sha256:acfaaab59543382085f9eb51f8e87bac26bf96b164839955f244d07125a982ef", size = 9283929, upload-time = "2024-06-20T17:42:32.221Z" },
    { url = "https://files.pythonhosted.org/packages/f0/09/f3c6560f9d81a4c5d800996090c9cc54d794ea14ab8f8af46b7483005963/ruff-0.4.10-py3-none-musllinux_1_2_i686.whl", hash = "sha256:3cea07079962b2941244191569cf3a05541477286f5cafea638cd3aa94b56815", size = 9617526, upload-time = "2024-06-20T17:42:36.588Z" },
    { url = "https://files.pythonhosted.org/packages/d3/9e/11ae4e8587efe40aa083835665d0818626f8f4a10aa4ebc097cdbfae7624/ruff-0.4.10-py3-none-musllinux_1_2_x86_64.whl", hash = "sha256:338a64ef0748f8c3a80d7f05785930f7965d71ca260904a9321d13be24b79695", size = 10114053, upload-time = "2024-06-20T17:42:41.144Z" },
    { url = "https://files.pythonhosted.org/packages/e8/94/3bb62a0086e9c61d0506e546e7cf68456fd93bf569a8adfa5e324812970d/ruff-0.4.10-py3-none-win32.whl", hash = "sha256:ffe3cd2f89cb54561c62e5fa20e8f182c0a444934bf430515a4b422f1ab7b7ca", size = 7707741, upload-time = "2024-06-20T17:42:45.061Z" },
    { url = "https://files.pythonhosted.org/packages/d8/4e/6fd32ebd0a09f25ed9911b77c5273b7a6b3b50a78d6ed0508d66a24398b8/ruff-0.4.10-py3-none-win_amd64.whl", hash = "sha256:67f67cef43c55ffc8cc59e8e0b97e9e60b4837c8f21e8ab5ffd5d66e196e25f7", size = 8519153, upload-time = "2024-06-20T17:42:48.907Z" },
    { url = "https://files.pythonhosted.org/packages/dc/78/5109b7db3b44a64157b025e45eec6591e4beb53732104637d8e0ee0c5570/ruff-0.4.10-py3-none-win_arm64.whl", hash = "sha256:dd1fcee327c20addac7916ca4e2653fbbf2e8388d8a6477ce5b4e986b68ae6c0", size = 7906942, upload-time = "2024-06-20T17:42:52.972Z" },
]

[[package]]
name = "tomli"
version = "2.0.2"
source = { registry = "https://pypi.org/simple" }
sdist = { url = "https://files.pythonhosted.org/packages/35/b9/de2a5c0144d7d75a57ff355c0c24054f965b2dc3036456ae03a51ea6264b/tomli-2.0.2.tar.gz", hash = "sha256:d46d457a85337051c36524bc5349dd91b1877838e2979ac5ced3e710ed8a60ed", size = 16096, upload-time = "2024-10-02T10:46:13.208Z" }
wheels = [
    { url = "https://files.pythonhosted.org/packages/cf/db/ce8eda256fa131af12e0a76d481711abe4681b6923c27efb9a255c9e4594/tomli-2.0.2-py3-none-any.whl", hash = "sha256:2ebe24485c53d303f690b0ec092806a085f07af5a5aa1464f3931eec36caaa38", size = 13237, upload-time = "2024-10-02T10:46:11.806Z" },
]

[[package]]
name = "xmltodict"
version = "0.13.0"
source = { registry = "https://pypi.org/simple" }
sdist = { url = "https://files.pythonhosted.org/packages/39/0d/40df5be1e684bbaecdb9d1e0e40d5d482465de6b00cbb92b84ee5d243c7f/xmltodict-0.13.0.tar.gz", hash = "sha256:341595a488e3e01a85a9d8911d8912fd922ede5fecc4dce437eb4b6c8d037e56", size = 33813, upload-time = "2022-05-08T07:00:04.916Z" }
wheels = [
    { url = "https://files.pythonhosted.org/packages/94/db/fd0326e331726f07ff7f40675cd86aa804bfd2e5016c727fa761c934990e/xmltodict-0.13.0-py2.py3-none-any.whl", hash = "sha256:aa89e8fd76320154a40d19a0df04a4695fb9dc5ba977cbb68ab3e4eb225e7852", size = 9971, upload-time = "2022-05-08T07:00:02.898Z" },
]
